
Microsoft Visual Studio Solution File, Format Version 12.00
# Visual Studio 15
VisualStudioVersion = 15.0.27428.2037
MinimumVisualStudioVersion = 10.0.40219.1
Project("{FAE04EC0-301F-11D3-BF4B-00C04F79EFBC}") = "PrimeNo", "PrimeNo\PrimeNo.csproj", "{76D9E579-B074-4A80-8401-8D7738274BC7}"
EndProject
Project("{FAE04EC0-301F-11D3-BF4B-00C04F79EFBC}") = "Factorial", "Factorial\Factorial.csproj", "{7F124656-B1CC-4569-8347-6D875D9B347A}"
EndProject
Project("{FAE04EC0-301F-11D3-BF4B-00C04F79EFBC}") = "FactorialTests", "FactorialTests\FactorialTests.csproj", "{136ED6C8-03F9-41F5-8AB3-D0261AEBC98A}"
EndProject
Global
	GlobalSection(SolutionConfigurationPlatforms) = preSolution
		Debug|Any CPU = Debug|Any CPU
		Release|Any CPU = Release|Any CPU
	EndGlobalSection
	GlobalSection(ProjectConfigurationPlatforms) = postSolution
		{76D9E579-B074-4A80-8401-8D7738274BC7}.Debug|Any CPU.ActiveCfg = Debug|Any CPU
		{76D9E579-B074-4A80-8401-8D7738274BC7}.Debug|Any CPU.Build.0 = Debug|Any CPU
		{76D9E579-B074-4A80-8401-8D7738274BC7}.Release|Any CPU.ActiveCfg = Release|Any CPU
		{76D9E579-B074-4A80-8401-8D7738274BC7}.Release|Any CPU.Build.0 = Release|Any CPU
		{7F124656-B1CC-4569-8347-6D875D9B347A}.Debug|Any CPU.ActiveCfg = Debug|Any CPU
		{7F124656-B1CC-4569-8347-6D875D9B347A}.Debug|Any CPU.Build.0 = Debug|Any CPU
		{7F124656-B1CC-4569-8347-6D875D9B347A}.Release|Any CPU.ActiveCfg = Release|Any CPU
		{7F124656-B1CC-4569-8347-6D875D9B347A}.Release|Any CPU.Build.0 = Release|Any CPU
		{136ED6C8-03F9-41F5-8AB3-D0261AEBC98A}.Debug|Any CPU.ActiveCfg = Debug|Any CPU
		{136ED6C8-03F9-41F5-8AB3-D0261AEBC98A}.Debug|Any CPU.Build.0 = Debug|Any CPU
		{136ED6C8-03F9-41F5-8AB3-D0261AEBC98A}.Release|Any CPU.ActiveCfg = Release|Any CPU
		{136ED6C8-03F9-41F5-8AB3-D0261AEBC98A}.Release|Any CPU.Build.0 = Release|Any CPU
	EndGlobalSection
	GlobalSection(SolutionProperties) = preSolution
		HideSolutionNode = FALSE
	EndGlobalSection
	GlobalSection(ExtensibilityGlobals) = postSolution
		SolutionGuid = {E78780C1-31EB-454C-ACE7-0096BB906C31}
	EndGlobalSection
EndGlobal
